// !$*UTF8*$!
{
	archiveVersion = 1;
	classes = {
	};
	objectVersion = 50;
	objects = {

/* Begin PBXBuildFile section */
		D0BC9EDB20ED7B9700D73159 /* AVDevice.hpp in Headers */ = {isa = PBXBuildFile; fileRef = D0BC9EDA20ED7B9700D73159 /* AVDevice.hpp */; };
		D0BC9EDD20ED7B9700D73159 /* AVDevice.cpp in Sources */ = {isa = PBXBuildFile; fileRef = D0BC9EDC20ED7B9700D73159 /* AVDevice.cpp */; };
		D0BD493020F01007004A5834 /* AVAudioEngine.cpp in Sources */ = {isa = PBXBuildFile; fileRef = D0BD492E20F01007004A5834 /* AVAudioEngine.cpp */; };
		D0BD493120F01007004A5834 /* AVAudioEngine.hpp in Headers */ = {isa = PBXBuildFile; fileRef = D0BD492F20F01007004A5834 /* AVAudioEngine.hpp */; };
/* End PBXBuildFile section */

/* Begin PBXFileReference section */
		D0BC9ED720ED7B9700D73159 /* AVDevice.kext */ = {isa = PBXFileReference; explicitFileType = wrapper.cfbundle; includeInIndex = 0; path = AVDevice.kext; sourceTree = BUILT_PRODUCTS_DIR; };
		D0BC9EDA20ED7B9700D73159 /* AVDevice.hpp */ = {isa = PBXFileReference; lastKnownFileType = sourcecode.cpp.h; path = AVDevice.hpp; sourceTree = "<group>"; };
		D0BC9EDC20ED7B9700D73159 /* AVDevice.cpp */ = {isa = PBXFileReference; lastKnownFileType = sourcecode.cpp.cpp; path = AVDevice.cpp; sourceTree = "<group>"; };
		D0BC9EDE20ED7B9700D73159 /* Info.plist */ = {isa = PBXFileReference; lastKnownFileType = text.plist.xml; path = Info.plist; sourceTree = "<group>"; };
		D0BD492E20F01007004A5834 /* AVAudioEngine.cpp */ = {isa = PBXFileReference; lastKnownFileType = sourcecode.cpp.cpp; path = AVAudioEngine.cpp; sourceTree = "<group>"; };
		D0BD492F20F01007004A5834 /* AVAudioEngine.hpp */ = {isa = PBXFileReference; lastKnownFileType = sourcecode.cpp.h; path = AVAudioEngine.hpp; sourceTree = "<group>"; };
/* End PBXFileReference section */

/* Begin PBXFrameworksBuildPhase section */
		D0BC9ED320ED7B9700D73159 /* Frameworks */ = {
			isa = PBXFrameworksBuildPhase;
			buildActionMask = 2147483647;
			files = (
			);
			runOnlyForDeploymentPostprocessing = 0;
		};
/* End PBXFrameworksBuildPhase section */

/* Begin PBXGroup section */
		D0BC9ECD20ED7B9700D73159 = {
			isa = PBXGroup;
			children = (
				D0BC9ED920ED7B9700D73159 /* AVDevice */,
				D0BC9ED820ED7B9700D73159 /* Products */,
			);
			sourceTree = "<group>";
		};
		D0BC9ED820ED7B9700D73159 /* Products */ = {
			isa = PBXGroup;
			children = (
				D0BC9ED720ED7B9700D73159 /* AVDevice.kext */,
			);
			name = Products;
			sourceTree = "<group>";
		};
		D0BC9ED920ED7B9700D73159 /* AVDevice */ = {
			isa = PBXGroup;
			children = (
				D0BC9EDA20ED7B9700D73159 /* AVDevice.hpp */,
				D0BC9EDC20ED7B9700D73159 /* AVDevice.cpp */,
				D0BD492F20F01007004A5834 /* AVAudioEngine.hpp */,
				D0BD492E20F01007004A5834 /* AVAudioEngine.cpp */,
				D0BC9EDE20ED7B9700D73159 /* Info.plist */,
			);
			path = AVDevice;
			sourceTree = "<group>";
		};
/* End PBXGroup section */

/* Begin PBXHeadersBuildPhase section */
		D0BC9ED420ED7B9700D73159 /* Headers */ = {
			isa = PBXHeadersBuildPhase;
			buildActionMask = 2147483647;
			files = (
				D0BD493120F01007004A5834 /* AVAudioEngine.hpp in Headers */,
				D0BC9EDB20ED7B9700D73159 /* AVDevice.hpp in Headers */,
			);
			runOnlyForDeploymentPostprocessing = 0;
		};
/* End PBXHeadersBuildPhase section */

/* Begin PBXNativeTarget section */
		D0BC9ED620ED7B9700D73159 /* AVDevice */ = {
			isa = PBXNativeTarget;
			buildConfigurationList = D0BC9EE120ED7B9700D73159 /* Build configuration list for PBXNativeTarget "AVDevice" */;
			buildPhases = (
				D0BC9ED220ED7B9700D73159 /* Sources */,
				D0BC9ED320ED7B9700D73159 /* Frameworks */,
				D0BC9ED420ED7B9700D73159 /* Headers */,
				D0BC9ED520ED7B9700D73159 /* Resources */,
			);
			buildRules = (
			);
			dependencies = (
			);
			name = AVDevice;
			productName = AVDevice;
			productReference = D0BC9ED720ED7B9700D73159 /* AVDevice.kext */;
			productType = "com.apple.product-type.kernel-extension";
		};
/* End PBXNativeTarget section */

/* Begin PBXProject section */
		D0BC9ECE20ED7B9700D73159 /* Project object */ = {
			isa = PBXProject;
			attributes = {
				LastUpgradeCheck = 0940;
				ORGANIZATIONNAME = "Никита Васильев";
				TargetAttributes = {
					D0BC9ED620ED7B9700D73159 = {
						CreatedOnToolsVersion = 9.4.1;
					};
				};
			};
			buildConfigurationList = D0BC9ED120ED7B9700D73159 /* Build configuration list for PBXProject "AVDevice" */;
			compatibilityVersion = "Xcode 9.3";
			developmentRegion = en;
			hasScannedForEncodings = 0;
			knownRegions = (
				en,
			);
			mainGroup = D0BC9ECD20ED7B9700D73159;
			productRefGroup = D0BC9ED820ED7B9700D73159 /* Products */;
			projectDirPath = "";
			projectRoot = "";
			targets = (
				D0BC9ED620ED7B9700D73159 /* AVDevice */,
			);
		};
/* End PBXProject section */

/* Begin PBXResourcesBuildPhase section */
		D0BC9ED520ED7B9700D73159 /* Resources */ = {
			isa = PBXResourcesBuildPhase;
			buildActionMask = 2147483647;
			files = (
			);
			runOnlyForDeploymentPostprocessing = 0;
		};
/* End PBXResourcesBuildPhase section */

/* Begin PBXSourcesBuildPhase section */
		D0BC9ED220ED7B9700D73159 /* Sources */ = {
			isa = PBXSourcesBuildPhase;
			buildActionMask = 2147483647;
			files = (
				D0BC9EDD20ED7B9700D73159 /* AVDevice.cpp in Sources */,
				D0BD493020F01007004A5834 /* AVAudioEngine.cpp in Sources */,
			);
			runOnlyForDeploymentPostprocessing = 0;
		};
/* End PBXSourcesBuildPhase section */

/* Begin XCBuildConfiguration section */
		D0BC9EDF20ED7B9700D73159 /* Debug */ = {
			isa = XCBuildConfiguration;
			buildSettings = {
				ALWAYS_SEARCH_USER_PATHS = NO;
				CLANG_ANALYZER_NONNULL = YES;
				CLANG_ANALYZER_NUMBER_OBJECT_CONVERSION = YES_AGGRESSIVE;
				CLANG_CXX_LANGUAGE_STANDARD = "compiler-default";
				CLANG_CXX_LIBRARY = "compiler-default";
				CLANG_ENABLE_MODULES = YES;
				CLANG_ENABLE_OBJC_ARC = YES;
				CLANG_ENABLE_OBJC_WEAK = YES;
				CLANG_WARN_BLOCK_CAPTURE_AUTORELEASING = YES;
				CLANG_WARN_BOOL_CONVERSION = YES;
				CLANG_WARN_COMMA = YES;
				CLANG_WARN_CONSTANT_CONVERSION = YES;
				CLANG_WARN_DEPRECATED_OBJC_IMPLEMENTATIONS = YES;
				CLANG_WARN_DIRECT_OBJC_ISA_USAGE = YES_ERROR;
				CLANG_WARN_DOCUMENTATION_COMMENTS = NO;
				CLANG_WARN_EMPTY_BODY = YES;
				CLANG_WARN_ENUM_CONVERSION = YES;
				CLANG_WARN_INFINITE_RECURSION = YES;
				CLANG_WARN_INT_CONVERSION = YES;
				CLANG_WARN_NON_LITERAL_NULL_CONVERSION = YES;
				CLANG_WARN_OBJC_IMPLICIT_RETAIN_SELF = YES;
				CLANG_WARN_OBJC_LITERAL_CONVERSION = YES;
				CLANG_WARN_OBJC_ROOT_CLASS = YES_ERROR;
				CLANG_WARN_RANGE_LOOP_ANALYSIS = YES;
				CLANG_WARN_STRICT_PROTOTYPES = YES;
				CLANG_WARN_SUSPICIOUS_MOVE = YES;
				CLANG_WARN_UNGUARDED_AVAILABILITY = YES_AGGRESSIVE;
				CLANG_WARN_UNREACHABLE_CODE = YES;
				CLANG_WARN__DUPLICATE_METHOD_MATCH = YES;
				CODE_SIGN_IDENTITY = "Mac Developer";
				COPY_PHASE_STRIP = NO;
				DEBUG_INFORMATION_FORMAT = dwarf;
				ENABLE_STRICT_OBJC_MSGSEND = YES;
				ENABLE_TESTABILITY = YES;
				GCC_C_LANGUAGE_STANDARD = gnu99;
				GCC_DYNAMIC_NO_PIC = NO;
				GCC_NO_COMMON_BLOCKS = YES;
				GCC_OPTIMIZATION_LEVEL = 0;
				GCC_PREPROCESSOR_DEFINITIONS = (
					"DEBUG=1",
					"$(inherited)",
				);
				GCC_WARN_64_TO_32_BIT_CONVERSION = YES;
				GCC_WARN_ABOUT_RETURN_TYPE = YES_ERROR;
				GCC_WARN_UNDECLARED_SELECTOR = YES;
				GCC_WARN_UNINITIALIZED_AUTOS = YES_AGGRESSIVE;
				GCC_WARN_UNUSED_FUNCTION = YES;
				GCC_WARN_UNUSED_VARIABLE = YES;
				MACOSX_DEPLOYMENT_TARGET = 10.9;
				MTL_ENABLE_DEBUG_INFO = YES;
				ONLY_ACTIVE_ARCH = YES;
				SDKROOT = macosx;
			};
			name = Debug;
		};
		D0BC9EE020ED7B9700D73159 /* Release */ = {
			isa = XCBuildConfiguration;
			buildSettings = {
				ALWAYS_SEARCH_USER_PATHS = NO;
				CLANG_ANALYZER_NONNULL = YES;
				CLANG_ANALYZER_NUMBER_OBJECT_CONVERSION = YES_AGGRESSIVE;
				CLANG_CXX_LANGUAGE_STANDARD = "compiler-default";
				CLANG_CXX_LIBRARY = "compiler-default";
				CLANG_ENABLE_MODULES = YES;
				CLANG_ENABLE_OBJC_ARC = YES;
				CLANG_ENABLE_OBJC_WEAK = YES;
				CLANG_WARN_BLOCK_CAPTURE_AUTORELEASING = YES;
				CLANG_WARN_BOOL_CONVERSION = YES;
				CLANG_WARN_COMMA = YES;
				CLANG_WARN_CONSTANT_CONVERSION = YES;
				CLANG_WARN_DEPRECATED_OBJC_IMPLEMENTATIONS = YES;
				CLANG_WARN_DIRECT_OBJC_ISA_USAGE = YES_ERROR;
				CLANG_WARN_DOCUMENTATION_COMMENTS = NO;
				CLANG_WARN_EMPTY_BODY = YES;
				CLANG_WARN_ENUM_CONVERSION = YES;
				CLANG_WARN_INFINITE_RECURSION = YES;
				CLANG_WARN_INT_CONVERSION = YES;
				CLANG_WARN_NON_LITERAL_NULL_CONVERSION = YES;
				CLANG_WARN_OBJC_IMPLICIT_RETAIN_SELF = YES;
				CLANG_WARN_OBJC_LITERAL_CONVERSION = YES;
				CLANG_WARN_OBJC_ROOT_CLASS = YES_ERROR;
				CLANG_WARN_RANGE_LOOP_ANALYSIS = YES;
				CLANG_WARN_STRICT_PROTOTYPES = YES;
				CLANG_WARN_SUSPICIOUS_MOVE = YES;
				CLANG_WARN_UNGUARDED_AVAILABILITY = YES_AGGRESSIVE;
				CLANG_WARN_UNREACHABLE_CODE = YES;
				CLANG_WARN__DUPLICATE_METHOD_MATCH = YES;
				CODE_SIGN_IDENTITY = "Mac Developer";
				COPY_PHASE_STRIP = YES;
				DEBUG_INFORMATION_FORMAT = "dwarf-with-dsym";
				ENABLE_NS_ASSERTIONS = NO;
				ENABLE_STRICT_OBJC_MSGSEND = YES;
				GCC_C_LANGUAGE_STANDARD = gnu99;
				GCC_NO_COMMON_BLOCKS = YES;
				GCC_WARN_64_TO_32_BIT_CONVERSION = YES;
				GCC_WARN_ABOUT_RETURN_TYPE = YES_ERROR;
				GCC_WARN_UNDECLARED_SELECTOR = YES;
				GCC_WARN_UNINITIALIZED_AUTOS = YES_AGGRESSIVE;
				GCC_WARN_UNUSED_FUNCTION = YES;
				GCC_WARN_UNUSED_VARIABLE = YES;
				MACOSX_DEPLOYMENT_TARGET = 10.9;
				MTL_ENABLE_DEBUG_INFO = NO;
				SDKROOT = macosx;
			};
			name = Release;
		};
		D0BC9EE220ED7B9700D73159 /* Debug */ = {
			isa = XCBuildConfiguration;
			buildSettings = {
				CODE_SIGN_STYLE = Automatic;
				COMBINE_HIDPI_IMAGES = YES;
				CURRENT_PROJECT_VERSION = 1.0.0d1;
				DEVELOPMENT_TEAM = A8WE5LL2GU;
				INFOPLIST_FILE = AVDevice/Info.plist;
				MACOSX_DEPLOYMENT_TARGET = 10.9;
				MODULE_NAME = com.nikitavasilev.AVDevice;
				MODULE_VERSION = 1.0.0d1;
				PRODUCT_BUNDLE_IDENTIFIER = com.osxkernel.AVDevice;
				PRODUCT_NAME = "$(TARGET_NAME)";
				WRAPPER_EXTENSION = kext;
			};
			name = Debug;
		};
		D0BC9EE320ED7B9700D73159 /* Release */ = {
			isa = XCBuildConfiguration;
			buildSettings = {
				CODE_SIGN_STYLE = Automatic;
				COMBINE_HIDPI_IMAGES = YES;
				CURRENT_PROJECT_VERSION = 1.0.0d1;
				DEVELOPMENT_TEAM = A8WE5LL2GU;
				INFOPLIST_FILE = AVDevice/Info.plist;
				MACOSX_DEPLOYMENT_TARGET = 10.9;
				MODULE_NAME = com.nikitavasilev.AVDevice;
				MODULE_VERSION = 1.0.0d1;
				PRODUCT_BUNDLE_IDENTIFIER = com.osxkernel.AVDevice;
				PRODUCT_NAME = "$(TARGET_NAME)";
				WRAPPER_EXTENSION = kext;
			};
			name = Release;
		};
/* End XCBuildConfiguration section */

/* Begin XCConfigurationList section */
		D0BC9ED120ED7B9700D73159 /* Build configuration list for PBXProject "AVDevice" */ = {
			isa = XCConfigurationList;
			buildConfigurations = (
				D0BC9EDF20ED7B9700D73159 /* Debug */,
				D0BC9EE020ED7B9700D73159 /* Release */,
			);
			defaultConfigurationIsVisible = 0;
			defaultConfigurationName = Release;
		};
		D0BC9EE120ED7B9700D73159 /* Build configuration list for PBXNativeTarget "AVDevice" */ = {
			isa = XCConfigurationList;
			buildConfigurations = (
				D0BC9EE220ED7B9700D73159 /* Debug */,
				D0BC9EE320ED7B9700D73159 /* Release */,
			);
			defaultConfigurationIsVisible = 0;
			defaultConfigurationName = Release;
		};
/* End XCConfigurationList section */
	};
	rootObject = D0BC9ECE20ED7B9700D73159 /* Project object */;
}
